
Microsoft Visual Studio Solution File, Format Version 12.00
# Visual Studio Version 17
VisualStudioVersion = 17.14.36915.13 d17.14
MinimumVisualStudioVersion = 10.0.40219.1
Project("{FAE04EC0-301F-11D3-BF4B-00C04F79EFBC}") = "G-Net-40-EF02", "G-Net-40-EF02\G-Net-40-EF02.csproj", "{B0FA61B0-B869-4C9C-941D-A3DC1B658A7A}"
EndProject
Global
	GlobalSection(SolutionConfigurationPlatforms) = preSolution
		Debug|Any CPU = Debug|Any CPU
		Release|Any CPU = Release|Any CPU
	EndGlobalSection
	GlobalSection(ProjectConfigurationPlatforms) = postSolution
		{B0FA61B0-B869-4C9C-941D-A3DC1B658A7A}.Debug|Any CPU.ActiveCfg = Debug|Any CPU
		{B0FA61B0-B869-4C9C-941D-A3DC1B658A7A}.Debug|Any CPU.Build.0 = Debug|Any CPU
		{B0FA61B0-B869-4C9C-941D-A3DC1B658A7A}.Release|Any CPU.ActiveCfg = Release|Any CPU
		{B0FA61B0-B869-4C9C-941D-A3DC1B658A7A}.Release|Any CPU.Build.0 = Release|Any CPU
	EndGlobalSection
	GlobalSection(SolutionProperties) = preSolution
		HideSolutionNode = FALSE
	EndGlobalSection
	GlobalSection(ExtensibilityGlobals) = postSolution
		SolutionGuid = {4A4B3411-C362-49C1-A027-E9C5FAE53744}
	EndGlobalSection
EndGlobal
